{
    "version": 3,
    "terraform_version": "0.11.8",
    "serial": 3,
    "lineage": "76889d70-75a6-69e7-8a9e-5ce7801144eb",
    "modules": [
        {
            "path": [
                "root"
            ],
            "outputs": {},
            "resources": {
                "aws_db_instance.db": {
                    "type": "aws_db_instance",
                    "depends_on": [
                        "aws_db_subnet_group.db-subnet-rally",
                        "aws_security_group.mysq-rally"
                    ],
                    "primary": {
                        "id": "terraform-20181019130553871400000001",
                        "attributes": {
                            "address": "terraform-20181019130553871400000001.ckm42kihdo2q.us-east-1.rds.amazonaws.com",
                            "allocated_storage": "20",
                            "arn": "arn:aws:rds:us-east-1:562227065330:db:terraform-20181019130553871400000001",
                            "auto_minor_version_upgrade": "true",
                            "availability_zone": "us-east-1b",
                            "backup_retention_period": "0",
                            "backup_window": "05:15-05:45",
                            "ca_cert_identifier": "rds-ca-2015",
                            "copy_tags_to_snapshot": "false",
                            "db_subnet_group_name": "mysql-db",
                            "deletion_protection": "false",
                            "domain": "",
                            "domain_iam_role_name": "",
                            "enabled_cloudwatch_logs_exports.#": "0",
                            "endpoint": "terraform-20181019130553871400000001.ckm42kihdo2q.us-east-1.rds.amazonaws.com:3306",
                            "engine": "mysql",
                            "engine_version": "5.7.23",
                            "hosted_zone_id": "Z2R2ITUGPM61AM",
                            "iam_database_authentication_enabled": "false",
                            "id": "terraform-20181019130553871400000001",
                            "identifier": "terraform-20181019130553871400000001",
                            "instance_class": "db.t2.micro",
                            "iops": "0",
                            "kms_key_id": "",
                            "license_model": "general-public-license",
                            "maintenance_window": "thu:08:14-thu:08:44",
                            "monitoring_interval": "0",
                            "multi_az": "false",
                            "name": "inscricao",
                            "option_group_name": "default:mysql-5-7",
                            "parameter_group_name": "default.mysql5.7",
                            "password": "concrete123..",
                            "port": "3306",
                            "publicly_accessible": "false",
                            "replicas.#": "0",
                            "replicate_source_db": "",
                            "resource_id": "db-DXAX7MZLV3LGQH2QPRHWYJWOEU",
                            "security_group_names.#": "0",
                            "skip_final_snapshot": "false",
                            "status": "available",
                            "storage_encrypted": "false",
                            "storage_type": "gp2",
                            "tags.%": "0",
                            "timezone": "",
                            "username": "noc",
                            "vpc_security_group_ids.#": "1",
                            "vpc_security_group_ids.2816159190": "sg-081ee1e3163c0a62e"
                        },
                        "meta": {
                            "e2bfb730-ecaa-11e6-8f88-34363bc7c4c0": {
                                "create": 2400000000000,
                                "delete": 2400000000000,
                                "update": 4800000000000
                            }
                        },
                        "tainted": false
                    },
                    "deposed": [],
                    "provider": "provider.aws"
                },
                "aws_db_subnet_group.db-subnet-rally": {
                    "type": "aws_db_subnet_group",
                    "depends_on": [
                        "aws_subnet.rally-private-1",
                        "aws_subnet.rally-private-2"
                    ],
                    "primary": {
                        "id": "mysql-db",
                        "attributes": {
                            "arn": "arn:aws:rds:us-east-1:562227065330:subgrp:mysql-db",
                            "description": "Managed by Terraform",
                            "id": "mysql-db",
                            "name": "mysql-db",
                            "subnet_ids.#": "2",
                            "subnet_ids.2419555472": "subnet-010f1b5b61f8563ca",
                            "subnet_ids.4091907851": "subnet-0e1a5efb3e187e26c",
                            "tags.%": "0"
                        },
                        "meta": {},
                        "tainted": false
                    },
                    "deposed": [],
                    "provider": "provider.aws"
                },
                "aws_internet_gateway.rally-gw": {
                    "type": "aws_internet_gateway",
                    "depends_on": [
                        "aws_vpc.rallyVPC"
                    ],
                    "primary": {
                        "id": "igw-0ba8980efe0b7c51e",
                        "attributes": {
                            "id": "igw-0ba8980efe0b7c51e",
                            "tags.%": "1",
                            "tags.Name": "Gateway Rally",
                            "vpc_id": "vpc-04e3e00bab9290a5e"
                        },
                        "meta": {},
                        "tainted": false
                    },
                    "deposed": [],
                    "provider": "provider.aws"
                },
                "aws_key_pair.terraform-ec2-key": {
                    "type": "aws_key_pair",
                    "depends_on": [],
                    "primary": {
                        "id": "terraform_ec2_key",
                        "attributes": {
                            "fingerprint": "21:74:07:dd:09:d8:e9:e2:cb:e8:48:9c:af:0f:14:e2",
                            "id": "terraform_ec2_key",
                            "key_name": "terraform_ec2_key",
                            "public_key": "ssh-rsa AAAAB3NzaC1yc2EAAAADAQABAAABAQDCmHa7pWOPxXDPDapiZPgWLL41cx22TariKuVxMS/XQcH/POzpLWj6SY0lC6dxgOrmyROpSF5+f9U/RJYbT1dKhhBv/jweo246CsAJTf6dtPFL06dEw2J+3X4KNcEVidy942DD77Lt32EO64DHYKoa4Ra5F5Ie+jgVWq+7/zBP/7XmnmmDudWgoEjjb9gt4Gr3zBts0lYXmPq1kdAhnahlnU/3F7GzlcG2p7ex5ECTEBFEAQuwEm2RiIuW6x5lN8W8hFb7xlF5ZZgXNx5jEYgBSmh+Ah63YSJ71WSE56Tr9EJYit1vJGV/Ehoi5cZ7pCs24lqdRK3WsnarNpkz9PLX yehudibrito@BR550020982"
                        },
                        "meta": {
                            "schema_version": "1"
                        },
                        "tainted": false
                    },
                    "deposed": [],
                    "provider": "provider.aws"
                },
                "aws_route_table.route-public": {
                    "type": "aws_route_table",
                    "depends_on": [
                        "aws_internet_gateway.rally-gw",
                        "aws_vpc.rallyVPC"
                    ],
                    "primary": {
                        "id": "rtb-0cf7536174cc30581",
                        "attributes": {
                            "id": "rtb-0cf7536174cc30581",
                            "propagating_vgws.#": "0",
                            "route.#": "1",
                            "route.2690292631.cidr_block": "0.0.0.0/0",
                            "route.2690292631.egress_only_gateway_id": "",
                            "route.2690292631.gateway_id": "igw-0ba8980efe0b7c51e",
                            "route.2690292631.instance_id": "",
                            "route.2690292631.ipv6_cidr_block": "",
                            "route.2690292631.nat_gateway_id": "",
                            "route.2690292631.network_interface_id": "",
                            "route.2690292631.vpc_peering_connection_id": "",
                            "tags.%": "1",
                            "tags.Name": "Route Public",
                            "vpc_id": "vpc-04e3e00bab9290a5e"
                        },
                        "meta": {},
                        "tainted": false
                    },
                    "deposed": [],
                    "provider": "provider.aws"
                },
                "aws_security_group.flask-rally": {
                    "type": "aws_security_group",
                    "depends_on": [
                        "aws_vpc.rallyVPC"
                    ],
                    "primary": {
                        "id": "sg-02e10180dabf50106",
                        "attributes": {
                            "arn": "arn:aws:ec2:us-east-1:562227065330:security-group/sg-02e10180dabf50106",
                            "description": "Permitir acesso a Aplicacao Backend",
                            "egress.#": "0",
                            "id": "sg-02e10180dabf50106",
                            "ingress.#": "1",
                            "ingress.2491066110.cidr_blocks.#": "1",
                            "ingress.2491066110.cidr_blocks.0": "0.0.0.0/0",
                            "ingress.2491066110.description": "",
                            "ingress.2491066110.from_port": "5000",
                            "ingress.2491066110.ipv6_cidr_blocks.#": "0",
                            "ingress.2491066110.prefix_list_ids.#": "0",
                            "ingress.2491066110.protocol": "tcp",
                            "ingress.2491066110.security_groups.#": "0",
                            "ingress.2491066110.self": "false",
                            "ingress.2491066110.to_port": "5000",
                            "name": "Flask",
                            "owner_id": "562227065330",
                            "revoke_rules_on_delete": "false",
                            "tags.%": "0",
                            "vpc_id": "vpc-04e3e00bab9290a5e"
                        },
                        "meta": {
                            "e2bfb730-ecaa-11e6-8f88-34363bc7c4c0": {
                                "create": 600000000000,
                                "delete": 600000000000
                            },
                            "schema_version": "1"
                        },
                        "tainted": false
                    },
                    "deposed": [],
                    "provider": "provider.aws"
                },
                "aws_security_group.http-rally": {
                    "type": "aws_security_group",
                    "depends_on": [
                        "aws_vpc.rallyVPC"
                    ],
                    "primary": {
                        "id": "sg-07b52653f7bad4148",
                        "attributes": {
                            "arn": "arn:aws:ec2:us-east-1:562227065330:security-group/sg-07b52653f7bad4148",
                            "description": "Permitir acesso HTTP",
                            "egress.#": "0",
                            "id": "sg-07b52653f7bad4148",
                            "ingress.#": "1",
                            "ingress.2214680975.cidr_blocks.#": "1",
                            "ingress.2214680975.cidr_blocks.0": "0.0.0.0/0",
                            "ingress.2214680975.description": "",
                            "ingress.2214680975.from_port": "80",
                            "ingress.2214680975.ipv6_cidr_blocks.#": "0",
                            "ingress.2214680975.prefix_list_ids.#": "0",
                            "ingress.2214680975.protocol": "tcp",
                            "ingress.2214680975.security_groups.#": "0",
                            "ingress.2214680975.self": "false",
                            "ingress.2214680975.to_port": "80",
                            "name": "HTTP",
                            "owner_id": "562227065330",
                            "revoke_rules_on_delete": "false",
                            "tags.%": "0",
                            "vpc_id": "vpc-04e3e00bab9290a5e"
                        },
                        "meta": {
                            "e2bfb730-ecaa-11e6-8f88-34363bc7c4c0": {
                                "create": 600000000000,
                                "delete": 600000000000
                            },
                            "schema_version": "1"
                        },
                        "tainted": false
                    },
                    "deposed": [],
                    "provider": "provider.aws"
                },
                "aws_security_group.icmp-rally": {
                    "type": "aws_security_group",
                    "depends_on": [
                        "aws_vpc.rallyVPC"
                    ],
                    "primary": {
                        "id": "sg-0450d3dcc549e5c6b",
                        "attributes": {
                            "arn": "arn:aws:ec2:us-east-1:562227065330:security-group/sg-0450d3dcc549e5c6b",
                            "description": "Ping ICMP",
                            "egress.#": "0",
                            "id": "sg-0450d3dcc549e5c6b",
                            "ingress.#": "1",
                            "ingress.2599396746.cidr_blocks.#": "1",
                            "ingress.2599396746.cidr_blocks.0": "0.0.0.0/0",
                            "ingress.2599396746.description": "",
                            "ingress.2599396746.from_port": "0",
                            "ingress.2599396746.ipv6_cidr_blocks.#": "0",
                            "ingress.2599396746.prefix_list_ids.#": "0",
                            "ingress.2599396746.protocol": "icmp",
                            "ingress.2599396746.security_groups.#": "0",
                            "ingress.2599396746.self": "false",
                            "ingress.2599396746.to_port": "0",
                            "name": "ICMP",
                            "owner_id": "562227065330",
                            "revoke_rules_on_delete": "false",
                            "tags.%": "0",
                            "vpc_id": "vpc-04e3e00bab9290a5e"
                        },
                        "meta": {
                            "e2bfb730-ecaa-11e6-8f88-34363bc7c4c0": {
                                "create": 600000000000,
                                "delete": 600000000000
                            },
                            "schema_version": "1"
                        },
                        "tainted": false
                    },
                    "deposed": [],
                    "provider": "provider.aws"
                },
                "aws_security_group.mysq-rally": {
                    "type": "aws_security_group",
                    "depends_on": [
                        "aws_vpc.rallyVPC"
                    ],
                    "primary": {
                        "id": "sg-081ee1e3163c0a62e",
                        "attributes": {
                            "arn": "arn:aws:ec2:us-east-1:562227065330:security-group/sg-081ee1e3163c0a62e",
                            "description": "Permitir acesso ao MYSQL",
                            "egress.#": "0",
                            "id": "sg-081ee1e3163c0a62e",
                            "ingress.#": "1",
                            "ingress.1035478279.cidr_blocks.#": "1",
                            "ingress.1035478279.cidr_blocks.0": "175.15.0.0/24",
                            "ingress.1035478279.description": "",
                            "ingress.1035478279.from_port": "3306",
                            "ingress.1035478279.ipv6_cidr_blocks.#": "0",
                            "ingress.1035478279.prefix_list_ids.#": "0",
                            "ingress.1035478279.protocol": "tcp",
                            "ingress.1035478279.security_groups.#": "0",
                            "ingress.1035478279.self": "false",
                            "ingress.1035478279.to_port": "3306",
                            "name": "Mysql",
                            "owner_id": "562227065330",
                            "revoke_rules_on_delete": "false",
                            "tags.%": "1",
                            "tags.Name": "Acesso Mysql",
                            "vpc_id": "vpc-04e3e00bab9290a5e"
                        },
                        "meta": {
                            "e2bfb730-ecaa-11e6-8f88-34363bc7c4c0": {
                                "create": 600000000000,
                                "delete": 600000000000
                            },
                            "schema_version": "1"
                        },
                        "tainted": false
                    },
                    "deposed": [],
                    "provider": "provider.aws"
                },
                "aws_security_group.ssh-rally": {
                    "type": "aws_security_group",
                    "depends_on": [
                        "aws_vpc.rallyVPC"
                    ],
                    "primary": {
                        "id": "sg-077f83a4cd3b66c76",
                        "attributes": {
                            "arn": "arn:aws:ec2:us-east-1:562227065330:security-group/sg-077f83a4cd3b66c76",
                            "description": "Acesso via SSH",
                            "egress.#": "0",
                            "id": "sg-077f83a4cd3b66c76",
                            "ingress.#": "1",
                            "ingress.2541437006.cidr_blocks.#": "1",
                            "ingress.2541437006.cidr_blocks.0": "0.0.0.0/0",
                            "ingress.2541437006.description": "",
                            "ingress.2541437006.from_port": "22",
                            "ingress.2541437006.ipv6_cidr_blocks.#": "0",
                            "ingress.2541437006.prefix_list_ids.#": "0",
                            "ingress.2541437006.protocol": "tcp",
                            "ingress.2541437006.security_groups.#": "0",
                            "ingress.2541437006.self": "false",
                            "ingress.2541437006.to_port": "22",
                            "name": "SSH",
                            "owner_id": "562227065330",
                            "revoke_rules_on_delete": "false",
                            "tags.%": "0",
                            "vpc_id": "vpc-04e3e00bab9290a5e"
                        },
                        "meta": {
                            "e2bfb730-ecaa-11e6-8f88-34363bc7c4c0": {
                                "create": 600000000000,
                                "delete": 600000000000
                            },
                            "schema_version": "1"
                        },
                        "tainted": false
                    },
                    "deposed": [],
                    "provider": "provider.aws"
                },
                "aws_subnet.rally-private-1": {
                    "type": "aws_subnet",
                    "depends_on": [
                        "aws_vpc.rallyVPC",
                        "data.aws_availability_zones.available"
                    ],
                    "primary": {
                        "id": "subnet-0e1a5efb3e187e26c",
                        "attributes": {
                            "arn": "arn:aws:ec2:us-east-1:562227065330:subnet/subnet-0e1a5efb3e187e26c",
                            "assign_ipv6_address_on_creation": "false",
                            "availability_zone": "us-east-1a",
                            "cidr_block": "175.15.1.0/24",
                            "id": "subnet-0e1a5efb3e187e26c",
                            "map_public_ip_on_launch": "false",
                            "tags.%": "1",
                            "tags.Name": "Subnet Private Rally",
                            "vpc_id": "vpc-04e3e00bab9290a5e"
                        },
                        "meta": {
                            "e2bfb730-ecaa-11e6-8f88-34363bc7c4c0": {
                                "create": 600000000000,
                                "delete": 600000000000
                            },
                            "schema_version": "1"
                        },
                        "tainted": false
                    },
                    "deposed": [],
                    "provider": "provider.aws"
                },
                "aws_subnet.rally-private-2": {
                    "type": "aws_subnet",
                    "depends_on": [
                        "aws_vpc.rallyVPC",
                        "data.aws_availability_zones.available"
                    ],
                    "primary": {
                        "id": "subnet-010f1b5b61f8563ca",
                        "attributes": {
                            "arn": "arn:aws:ec2:us-east-1:562227065330:subnet/subnet-010f1b5b61f8563ca",
                            "assign_ipv6_address_on_creation": "false",
                            "availability_zone": "us-east-1b",
                            "cidr_block": "175.15.2.0/24",
                            "id": "subnet-010f1b5b61f8563ca",
                            "map_public_ip_on_launch": "false",
                            "tags.%": "1",
                            "tags.Name": "Subnet Private 2 Rally",
                            "vpc_id": "vpc-04e3e00bab9290a5e"
                        },
                        "meta": {
                            "e2bfb730-ecaa-11e6-8f88-34363bc7c4c0": {
                                "create": 600000000000,
                                "delete": 600000000000
                            },
                            "schema_version": "1"
                        },
                        "tainted": false
                    },
                    "deposed": [],
                    "provider": "provider.aws"
                },
                "aws_subnet.rally-public": {
                    "type": "aws_subnet",
                    "depends_on": [
                        "aws_vpc.rallyVPC",
                        "data.aws_availability_zones.available"
                    ],
                    "primary": {
                        "id": "subnet-0ccfd11e1b182e5e3",
                        "attributes": {
                            "arn": "arn:aws:ec2:us-east-1:562227065330:subnet/subnet-0ccfd11e1b182e5e3",
                            "assign_ipv6_address_on_creation": "false",
                            "availability_zone": "us-east-1a",
                            "cidr_block": "175.15.0.0/24",
                            "id": "subnet-0ccfd11e1b182e5e3",
                            "map_public_ip_on_launch": "false",
                            "tags.%": "1",
                            "tags.Name": "Subnet Public Rally",
                            "vpc_id": "vpc-04e3e00bab9290a5e"
                        },
                        "meta": {
                            "e2bfb730-ecaa-11e6-8f88-34363bc7c4c0": {
                                "create": 600000000000,
                                "delete": 600000000000
                            },
                            "schema_version": "1"
                        },
                        "tainted": false
                    },
                    "deposed": [],
                    "provider": "provider.aws"
                },
                "aws_vpc.rallyVPC": {
                    "type": "aws_vpc",
                    "depends_on": [],
                    "primary": {
                        "id": "vpc-04e3e00bab9290a5e",
                        "attributes": {
                            "arn": "arn:aws:ec2:us-east-1:562227065330:vpc/vpc-04e3e00bab9290a5e",
                            "assign_generated_ipv6_cidr_block": "false",
                            "cidr_block": "175.15.0.0/22",
                            "default_network_acl_id": "acl-02453879c82098df4",
                            "default_route_table_id": "rtb-0930053264646b5d0",
                            "default_security_group_id": "sg-0b512039b1831c432",
                            "dhcp_options_id": "dopt-a3af89db",
                            "enable_classiclink": "false",
                            "enable_classiclink_dns_support": "false",
                            "enable_dns_hostnames": "true",
                            "enable_dns_support": "true",
                            "id": "vpc-04e3e00bab9290a5e",
                            "instance_tenancy": "default",
                            "main_route_table_id": "rtb-0930053264646b5d0",
                            "tags.%": "1",
                            "tags.Name": "VPC Rally"
                        },
                        "meta": {
                            "schema_version": "1"
                        },
                        "tainted": false
                    },
                    "deposed": [],
                    "provider": "provider.aws"
                },
                "data.aws_availability_zones.available": {
                    "type": "aws_availability_zones",
                    "depends_on": [],
                    "primary": {
                        "id": "2018-10-19 13:21:33.027533943 +0000 UTC",
                        "attributes": {
                            "id": "2018-10-19 13:21:33.027533943 +0000 UTC",
                            "names.#": "6",
                            "names.0": "us-east-1a",
                            "names.1": "us-east-1b",
                            "names.2": "us-east-1c",
                            "names.3": "us-east-1d",
                            "names.4": "us-east-1e",
                            "names.5": "us-east-1f"
                        },
                        "meta": {},
                        "tainted": false
                    },
                    "deposed": [],
                    "provider": "provider.aws"
                }
            },
            "depends_on": []
        }
    ]
}
